
Microsoft Visual Studio Solution File, Format Version 12.00
# Visual Studio Version 17
VisualStudioVersion = 17.14.36301.6 d17.14
MinimumVisualStudioVersion = 10.0.40219.1
Project("{FAE04EC0-301F-11D3-BF4B-00C04F79EFBC}") = "Multiforms_event_CRUZ", "Multiforms_event_CRUZ.csproj", "{9907C835-336A-43FD-90DD-203725CDEE64}"
EndProject
Global
	GlobalSection(SolutionConfigurationPlatforms) = preSolution
		Debug|Any CPU = Debug|Any CPU
		Release|Any CPU = Release|Any CPU
	EndGlobalSection
	GlobalSection(ProjectConfigurationPlatforms) = postSolution
		{9907C835-336A-43FD-90DD-203725CDEE64}.Debug|Any CPU.ActiveCfg = Debug|Any CPU
		{9907C835-336A-43FD-90DD-203725CDEE64}.Debug|Any CPU.Build.0 = Debug|Any CPU
		{9907C835-336A-43FD-90DD-203725CDEE64}.Release|Any CPU.ActiveCfg = Release|Any CPU
		{9907C835-336A-43FD-90DD-203725CDEE64}.Release|Any CPU.Build.0 = Release|Any CPU
	EndGlobalSection
	GlobalSection(SolutionProperties) = preSolution
		HideSolutionNode = FALSE
	EndGlobalSection
	GlobalSection(ExtensibilityGlobals) = postSolution
		SolutionGuid = {56DF9424-E3A9-4060-8FF1-E44A3B67114B}
	EndGlobalSection
EndGlobal
